// !$*UTF8*$!
{
	archiveVersion = 1;
	classes = {
	};
	objectVersion = 46;
	objects = {

/* Begin PBXBuildFile section */
		4C451FFB1BC06E6200481F26 /* TwitterClient.swift in Sources */ = {isa = PBXBuildFile; fileRef = 4C451FFA1BC06E6200481F26 /* TwitterClient.swift */; settings = {ASSET_TAGS = (); }; };
		4CDBC8281BC0699A007443A8 /* AppDelegate.swift in Sources */ = {isa = PBXBuildFile; fileRef = 4CDBC8271BC0699A007443A8 /* AppDelegate.swift */; };
		4CDBC82A1BC0699A007443A8 /* ViewController.swift in Sources */ = {isa = PBXBuildFile; fileRef = 4CDBC8291BC0699A007443A8 /* ViewController.swift */; };
		4CDBC82D1BC0699A007443A8 /* Main.storyboard in Resources */ = {isa = PBXBuildFile; fileRef = 4CDBC82B1BC0699A007443A8 /* Main.storyboard */; };
		4CDBC82F1BC0699A007443A8 /* Assets.xcassets in Resources */ = {isa = PBXBuildFile; fileRef = 4CDBC82E1BC0699A007443A8 /* Assets.xcassets */; };
		4CDBC8321BC0699A007443A8 /* LaunchScreen.storyboard in Resources */ = {isa = PBXBuildFile; fileRef = 4CDBC8301BC0699A007443A8 /* LaunchScreen.storyboard */; };
		4CE520131BC0BAE800B6ED2D /* TableViewController.swift in Sources */ = {isa = PBXBuildFile; fileRef = 4CE520121BC0BAE800B6ED2D /* TableViewController.swift */; settings = {ASSET_TAGS = (); }; };
		4CE520151BC1B82600B6ED2D /* TweetTableViewCell.swift in Sources */ = {isa = PBXBuildFile; fileRef = 4CE520141BC1B82600B6ED2D /* TweetTableViewCell.swift */; settings = {ASSET_TAGS = (); }; };
		4CE520191BC1BC6B00B6ED2D /* HomeViewController.swift in Sources */ = {isa = PBXBuildFile; fileRef = 4CE520181BC1BC6B00B6ED2D /* HomeViewController.swift */; settings = {ASSET_TAGS = (); }; };
		4CE5201B1BC1F4BD00B6ED2D /* Tweet.swift in Sources */ = {isa = PBXBuildFile; fileRef = 4CE5201A1BC1F4BD00B6ED2D /* Tweet.swift */; settings = {ASSET_TAGS = (); }; };
		4CE5201D1BC1F52500B6ED2D /* User.swift in Sources */ = {isa = PBXBuildFile; fileRef = 4CE5201C1BC1F52500B6ED2D /* User.swift */; settings = {ASSET_TAGS = (); }; };
		4CF1CC0F1BC2051700A69CEC /* ComposeTweetViewController.swift in Sources */ = {isa = PBXBuildFile; fileRef = 4CF1CC0E1BC2051700A69CEC /* ComposeTweetViewController.swift */; settings = {ASSET_TAGS = (); }; };
		4CF1CC111BC21DAB00A69CEC /* DetailTweetViewController.swift in Sources */ = {isa = PBXBuildFile; fileRef = 4CF1CC101BC21DAB00A69CEC /* DetailTweetViewController.swift */; settings = {ASSET_TAGS = (); }; };
		6C6B02E9BA75F7EE1D81B635 /* libPods.a in Frameworks */ = {isa = PBXBuildFile; fileRef = 639EB9D35CFB2A24CB2AB601 /* libPods.a */; };
/* End PBXBuildFile section */

/* Begin PBXFileReference section */
		4B21819D6E1D3C481B995AB8 /* Pods.release.xcconfig */ = {isa = PBXFileReference; includeInIndex = 1; lastKnownFileType = text.xcconfig; name = Pods.release.xcconfig; path = "Pods/Target Support Files/Pods/Pods.release.xcconfig"; sourceTree = "<group>"; };
		4C451FF61BC06D4D00481F26 /* Twitter-Bridging-Header.h */ = {isa = PBXFileReference; lastKnownFileType = sourcecode.c.h; path = "Twitter-Bridging-Header.h"; sourceTree = "<group>"; };
		4C451FFA1BC06E6200481F26 /* TwitterClient.swift */ = {isa = PBXFileReference; fileEncoding = 4; lastKnownFileType = sourcecode.swift; path = TwitterClient.swift; sourceTree = "<group>"; };
		4CDBC8241BC0699A007443A8 /* Twitter.app */ = {isa = PBXFileReference; explicitFileType = wrapper.application; includeInIndex = 0; path = Twitter.app; sourceTree = BUILT_PRODUCTS_DIR; };
		4CDBC8271BC0699A007443A8 /* AppDelegate.swift */ = {isa = PBXFileReference; lastKnownFileType = sourcecode.swift; path = AppDelegate.swift; sourceTree = "<group>"; };
		4CDBC8291BC0699A007443A8 /* ViewController.swift */ = {isa = PBXFileReference; lastKnownFileType = sourcecode.swift; path = ViewController.swift; sourceTree = "<group>"; };
		4CDBC82C1BC0699A007443A8 /* Base */ = {isa = PBXFileReference; lastKnownFileType = file.storyboard; name = Base; path = Base.lproj/Main.storyboard; sourceTree = "<group>"; };
		4CDBC82E1BC0699A007443A8 /* Assets.xcassets */ = {isa = PBXFileReference; lastKnownFileType = folder.assetcatalog; path = Assets.xcassets; sourceTree = "<group>"; };
		4CDBC8311BC0699A007443A8 /* Base */ = {isa = PBXFileReference; lastKnownFileType = file.storyboard; name = Base; path = Base.lproj/LaunchScreen.storyboard; sourceTree = "<group>"; };
		4CDBC8331BC0699A007443A8 /* Info.plist */ = {isa = PBXFileReference; lastKnownFileType = text.plist.xml; path = Info.plist; sourceTree = "<group>"; };
		4CE520121BC0BAE800B6ED2D /* TableViewController.swift */ = {isa = PBXFileReference; fileEncoding = 4; lastKnownFileType = sourcecode.swift; path = TableViewController.swift; sourceTree = "<group>"; };
		4CE520141BC1B82600B6ED2D /* TweetTableViewCell.swift */ = {isa = PBXFileReference; fileEncoding = 4; lastKnownFileType = sourcecode.swift; path = TweetTableViewCell.swift; sourceTree = "<group>"; };
		4CE520181BC1BC6B00B6ED2D /* HomeViewController.swift */ = {isa = PBXFileReference; fileEncoding = 4; lastKnownFileType = sourcecode.swift; path = HomeViewController.swift; sourceTree = "<group>"; };
		4CE5201A1BC1F4BD00B6ED2D /* Tweet.swift */ = {isa = PBXFileReference; fileEncoding = 4; lastKnownFileType = sourcecode.swift; path = Tweet.swift; sourceTree = "<group>"; };
		4CE5201C1BC1F52500B6ED2D /* User.swift */ = {isa = PBXFileReference; fileEncoding = 4; lastKnownFileType = sourcecode.swift; path = User.swift; sourceTree = "<group>"; };
		4CF1CC0E1BC2051700A69CEC /* ComposeTweetViewController.swift */ = {isa = PBXFileReference; fileEncoding = 4; lastKnownFileType = sourcecode.swift; path = ComposeTweetViewController.swift; sourceTree = "<group>"; };
		4CF1CC101BC21DAB00A69CEC /* DetailTweetViewController.swift */ = {isa = PBXFileReference; fileEncoding = 4; lastKnownFileType = sourcecode.swift; path = DetailTweetViewController.swift; sourceTree = "<group>"; };
		639EB9D35CFB2A24CB2AB601 /* libPods.a */ = {isa = PBXFileReference; explicitFileType = archive.ar; includeInIndex = 0; path = libPods.a; sourceTree = BUILT_PRODUCTS_DIR; };
		86DEAECEF57406831D45F62E /* Pods.debug.xcconfig */ = {isa = PBXFileReference; includeInIndex = 1; lastKnownFileType = text.xcconfig; name = Pods.debug.xcconfig; path = "Pods/Target Support Files/Pods/Pods.debug.xcconfig"; sourceTree = "<group>"; };
/* End PBXFileReference section */

/* Begin PBXFrameworksBuildPhase section */
		4CDBC8211BC0699A007443A8 /* Frameworks */ = {
			isa = PBXFrameworksBuildPhase;
			buildActionMask = 2147483647;
			files = (
				6C6B02E9BA75F7EE1D81B635 /* libPods.a in Frameworks */,
			);
			runOnlyForDeploymentPostprocessing = 0;
		};
/* End PBXFrameworksBuildPhase section */

/* Begin PBXGroup section */
		4C451FF91BC06DF700481F26 /* API */ = {
			isa = PBXGroup;
			children = (
				4C451FFA1BC06E6200481F26 /* TwitterClient.swift */,
			);
			name = API;
			sourceTree = "<group>";
		};
		4CDBC81B1BC0699A007443A8 = {
			isa = PBXGroup;
			children = (
				4CDBC8261BC0699A007443A8 /* Twitter */,
				4CDBC8251BC0699A007443A8 /* Products */,
				856DA4800EDB3544D9D4CD40 /* Pods */,
				EA8CEBE3E278072FE4AFA53D /* Frameworks */,
			);
			sourceTree = "<group>";
		};
		4CDBC8251BC0699A007443A8 /* Products */ = {
			isa = PBXGroup;
			children = (
				4CDBC8241BC0699A007443A8 /* Twitter.app */,
			);
			name = Products;
			sourceTree = "<group>";
		};
		4CDBC8261BC0699A007443A8 /* Twitter */ = {
			isa = PBXGroup;
			children = (
				4CE5201E1BC1FA5700B6ED2D /* Models */,
				4CE520171BC1BACD00B6ED2D /* View Controllers */,
				4CE520161BC1BAB600B6ED2D /* Views */,
				4C451FF91BC06DF700481F26 /* API */,
				4CDBC8271BC0699A007443A8 /* AppDelegate.swift */,
				4CDBC82B1BC0699A007443A8 /* Main.storyboard */,
				4CDBC82E1BC0699A007443A8 /* Assets.xcassets */,
				4CDBC8301BC0699A007443A8 /* LaunchScreen.storyboard */,
				4CDBC8331BC0699A007443A8 /* Info.plist */,
				4C451FF61BC06D4D00481F26 /* Twitter-Bridging-Header.h */,
			);
			path = Twitter;
			sourceTree = "<group>";
		};
		4CE520161BC1BAB600B6ED2D /* Views */ = {
			isa = PBXGroup;
			children = (
				4CE520141BC1B82600B6ED2D /* TweetTableViewCell.swift */,
			);
			name = Views;
			sourceTree = "<group>";
		};
		4CE520171BC1BACD00B6ED2D /* View Controllers */ = {
			isa = PBXGroup;
			children = (
				4CE520121BC0BAE800B6ED2D /* TableViewController.swift */,
				4CDBC8291BC0699A007443A8 /* ViewController.swift */,
				4CE520181BC1BC6B00B6ED2D /* HomeViewController.swift */,
				4CF1CC0E1BC2051700A69CEC /* ComposeTweetViewController.swift */,
				4CF1CC101BC21DAB00A69CEC /* DetailTweetViewController.swift */,
			);
			name = "View Controllers";
			sourceTree = "<group>";
		};
		4CE5201E1BC1FA5700B6ED2D /* Models */ = {
			isa = PBXGroup;
			children = (
				4CE5201A1BC1F4BD00B6ED2D /* Tweet.swift */,
				4CE5201C1BC1F52500B6ED2D /* User.swift */,
			);
			name = Models;
			sourceTree = "<group>";
		};
		856DA4800EDB3544D9D4CD40 /* Pods */ = {
			isa = PBXGroup;
			children = (
				86DEAECEF57406831D45F62E /* Pods.debug.xcconfig */,
				4B21819D6E1D3C481B995AB8 /* Pods.release.xcconfig */,
			);
			name = Pods;
			sourceTree = "<group>";
		};
		EA8CEBE3E278072FE4AFA53D /* Frameworks */ = {
			isa = PBXGroup;
			children = (
				639EB9D35CFB2A24CB2AB601 /* libPods.a */,
			);
			name = Frameworks;
			sourceTree = "<group>";
		};
/* End PBXGroup section */

/* Begin PBXNativeTarget section */
		4CDBC8231BC0699A007443A8 /* Twitter */ = {
			isa = PBXNativeTarget;
			buildConfigurationList = 4CDBC8361BC0699A007443A8 /* Build configuration list for PBXNativeTarget "Twitter" */;
			buildPhases = (
				B0F71A873C094AA8846CBE43 /* Check Pods Manifest.lock */,
				4CDBC8201BC0699A007443A8 /* Sources */,
				4CDBC8211BC0699A007443A8 /* Frameworks */,
				4CDBC8221BC0699A007443A8 /* Resources */,
				DDA16636CB1036A0EF92D150 /* Copy Pods Resources */,
			);
			buildRules = (
			);
			dependencies = (
			);
			name = Twitter;
			productName = Twitter;
			productReference = 4CDBC8241BC0699A007443A8 /* Twitter.app */;
			productType = "com.apple.product-type.application";
		};
/* End PBXNativeTarget section */

/* Begin PBXProject section */
		4CDBC81C1BC0699A007443A8 /* Project object */ = {
			isa = PBXProject;
			attributes = {
				LastSwiftUpdateCheck = 0700;
				LastUpgradeCheck = 0700;
				ORGANIZATIONNAME = "Gonzalez, Ivan";
				TargetAttributes = {
					4CDBC8231BC0699A007443A8 = {
						CreatedOnToolsVersion = 7.0;
						DevelopmentTeam = VM4A423H97;
					};
				};
			};
			buildConfigurationList = 4CDBC81F1BC0699A007443A8 /* Build configuration list for PBXProject "Twitter" */;
			compatibilityVersion = "Xcode 3.2";
			developmentRegion = English;
			hasScannedForEncodings = 0;
			knownRegions = (
				en,
				Base,
			);
			mainGroup = 4CDBC81B1BC0699A007443A8;
			productRefGroup = 4CDBC8251BC0699A007443A8 /* Products */;
			projectDirPath = "";
			projectRoot = "";
			targets = (
				4CDBC8231BC0699A007443A8 /* Twitter */,
			);
		};
/* End PBXProject section */

/* Begin PBXResourcesBuildPhase section */
		4CDBC8221BC0699A007443A8 /* Resources */ = {
			isa = PBXResourcesBuildPhase;
			buildActionMask = 2147483647;
			files = (
				4CDBC8321BC0699A007443A8 /* LaunchScreen.storyboard in Resources */,
				4CDBC82F1BC0699A007443A8 /* Assets.xcassets in Resources */,
				4CDBC82D1BC0699A007443A8 /* Main.storyboard in Resources */,
			);
			runOnlyForDeploymentPostprocessing = 0;
		};
/* End PBXResourcesBuildPhase section */

/* Begin PBXShellScriptBuildPhase section */
		B0F71A873C094AA8846CBE43 /* Check Pods Manifest.lock */ = {
			isa = PBXShellScriptBuildPhase;
			buildActionMask = 2147483647;
			files = (
			);
			inputPaths = (
			);
			name = "Check Pods Manifest.lock";
			outputPaths = (
			);
			runOnlyForDeploymentPostprocessing = 0;
			shellPath = /bin/sh;
			shellScript = "diff \"${PODS_ROOT}/../Podfile.lock\" \"${PODS_ROOT}/Manifest.lock\" > /dev/null\nif [[ $? != 0 ]] ; then\n    cat << EOM\nerror: The sandbox is not in sync with the Podfile.lock. Run 'pod install' or update your CocoaPods installation.\nEOM\n    exit 1\nfi\n";
			showEnvVarsInLog = 0;
		};
		DDA16636CB1036A0EF92D150 /* Copy Pods Resources */ = {
			isa = PBXShellScriptBuildPhase;
			buildActionMask = 2147483647;
			files = (
			);
			inputPaths = (
			);
			name = "Copy Pods Resources";
			outputPaths = (
			);
			runOnlyForDeploymentPostprocessing = 0;
			shellPath = /bin/sh;
			shellScript = "\"${SRCROOT}/Pods/Target Support Files/Pods/Pods-resources.sh\"\n";
			showEnvVarsInLog = 0;
		};
/* End PBXShellScriptBuildPhase section */

/* Begin PBXSourcesBuildPhase section */
		4CDBC8201BC0699A007443A8 /* Sources */ = {
			isa = PBXSourcesBuildPhase;
			buildActionMask = 2147483647;
			files = (
				4CF1CC0F1BC2051700A69CEC /* ComposeTweetViewController.swift in Sources */,
				4CDBC82A1BC0699A007443A8 /* ViewController.swift in Sources */,
				4C451FFB1BC06E6200481F26 /* TwitterClient.swift in Sources */,
				4CDBC8281BC0699A007443A8 /* AppDelegate.swift in Sources */,
				4CE5201B1BC1F4BD00B6ED2D /* Tweet.swift in Sources */,
				4CF1CC111BC21DAB00A69CEC /* DetailTweetViewController.swift in Sources */,
				4CE5201D1BC1F52500B6ED2D /* User.swift in Sources */,
				4CE520151BC1B82600B6ED2D /* TweetTableViewCell.swift in Sources */,
				4CE520131BC0BAE800B6ED2D /* TableViewController.swift in Sources */,
				4CE520191BC1BC6B00B6ED2D /* HomeViewController.swift in Sources */,
			);
			runOnlyForDeploymentPostprocessing = 0;
		};
/* End PBXSourcesBuildPhase section */

/* Begin PBXVariantGroup section */
		4CDBC82B1BC0699A007443A8 /* Main.storyboard */ = {
			isa = PBXVariantGroup;
			children = (
				4CDBC82C1BC0699A007443A8 /* Base */,
			);
			name = Main.storyboard;
			sourceTree = "<group>";
		};
		4CDBC8301BC0699A007443A8 /* LaunchScreen.storyboard */ = {
			isa = PBXVariantGroup;
			children = (
				4CDBC8311BC0699A007443A8 /* Base */,
			);
			name = LaunchScreen.storyboard;
			sourceTree = "<group>";
		};
/* End PBXVariantGroup section */

/* Begin XCBuildConfiguration section */
		4CDBC8341BC0699A007443A8 /* Debug */ = {
			isa = XCBuildConfiguration;
			buildSettings = {
				ALWAYS_SEARCH_USER_PATHS = NO;
				CLANG_CXX_LANGUAGE_STANDARD = "gnu++0x";
				CLANG_CXX_LIBRARY = "libc++";
				CLANG_ENABLE_MODULES = YES;
				CLANG_ENABLE_OBJC_ARC = YES;
				CLANG_WARN_BOOL_CONVERSION = YES;
				CLANG_WARN_CONSTANT_CONVERSION = YES;
				CLANG_WARN_DIRECT_OBJC_ISA_USAGE = YES_ERROR;
				CLANG_WARN_EMPTY_BODY = YES;
				CLANG_WARN_ENUM_CONVERSION = YES;
				CLANG_WARN_INT_CONVERSION = YES;
				CLANG_WARN_OBJC_ROOT_CLASS = YES_ERROR;
				CLANG_WARN_UNREACHABLE_CODE = YES;
				CLANG_WARN__DUPLICATE_METHOD_MATCH = YES;
				"CODE_SIGN_IDENTITY[sdk=iphoneos*]" = "iPhone Developer";
				COPY_PHASE_STRIP = NO;
				DEBUG_INFORMATION_FORMAT = dwarf;
				ENABLE_STRICT_OBJC_MSGSEND = YES;
				ENABLE_TESTABILITY = YES;
				GCC_C_LANGUAGE_STANDARD = gnu99;
				GCC_DYNAMIC_NO_PIC = NO;
				GCC_NO_COMMON_BLOCKS = YES;
				GCC_OPTIMIZATION_LEVEL = 0;
				GCC_PREPROCESSOR_DEFINITIONS = (
					"DEBUG=1",
					"$(inherited)",
				);
				GCC_WARN_64_TO_32_BIT_CONVERSION = YES;
				GCC_WARN_ABOUT_RETURN_TYPE = YES_ERROR;
				GCC_WARN_UNDECLARED_SELECTOR = YES;
				GCC_WARN_UNINITIALIZED_AUTOS = YES_AGGRESSIVE;
				GCC_WARN_UNUSED_FUNCTION = YES;
				GCC_WARN_UNUSED_VARIABLE = YES;
				IPHONEOS_DEPLOYMENT_TARGET = 9.0;
				MTL_ENABLE_DEBUG_INFO = YES;
				ONLY_ACTIVE_ARCH = YES;
				SDKROOT = iphoneos;
				SWIFT_OPTIMIZATION_LEVEL = "-Onone";
			};
			name = Debug;
		};
		4CDBC8351BC0699A007443A8 /* Release */ = {
			isa = XCBuildConfiguration;
			buildSettings = {
				ALWAYS_SEARCH_USER_PATHS = NO;
				CLANG_CXX_LANGUAGE_STANDARD = "gnu++0x";
				CLANG_CXX_LIBRARY = "libc++";
				CLANG_ENABLE_MODULES = YES;
				CLANG_ENABLE_OBJC_ARC = YES;
				CLANG_WARN_BOOL_CONVERSION = YES;
				CLANG_WARN_CONSTANT_CONVERSION = YES;
				CLANG_WARN_DIRECT_OBJC_ISA_USAGE = YES_ERROR;
				CLANG_WARN_EMPTY_BODY = YES;
				CLANG_WARN_ENUM_CONVERSION = YES;
				CLANG_WARN_INT_CONVERSION = YES;
				CLANG_WARN_OBJC_ROOT_CLASS = YES_ERROR;
				CLANG_WARN_UNREACHABLE_CODE = YES;
				CLANG_WARN__DUPLICATE_METHOD_MATCH = YES;
				"CODE_SIGN_IDENTITY[sdk=iphoneos*]" = "iPhone Developer";
				COPY_PHASE_STRIP = NO;
				DEBUG_INFORMATION_FORMAT = "dwarf-with-dsym";
				ENABLE_NS_ASSERTIONS = NO;
				ENABLE_STRICT_OBJC_MSGSEND = YES;
				GCC_C_LANGUAGE_STANDARD = gnu99;
				GCC_NO_COMMON_BLOCKS = YES;
				GCC_WARN_64_TO_32_BIT_CONVERSION = YES;
				GCC_WARN_ABOUT_RETURN_TYPE = YES_ERROR;
				GCC_WARN_UNDECLARED_SELECTOR = YES;
				GCC_WARN_UNINITIALIZED_AUTOS = YES_AGGRESSIVE;
				GCC_WARN_UNUSED_FUNCTION = YES;
				GCC_WARN_UNUSED_VARIABLE = YES;
				IPHONEOS_DEPLOYMENT_TARGET = 9.0;
				MTL_ENABLE_DEBUG_INFO = NO;
				SDKROOT = iphoneos;
				VALIDATE_PRODUCT = YES;
			};
			name = Release;
		};
		4CDBC8371BC0699A007443A8 /* Debug */ = {
			isa = XCBuildConfiguration;
			baseConfigurationReference = 86DEAECEF57406831D45F62E /* Pods.debug.xcconfig */;
			buildSettings = {
				ASSETCATALOG_COMPILER_APPICON_NAME = AppIcon;
				CLANG_ENABLE_MODULES = YES;
				INFOPLIST_FILE = Twitter/Info.plist;
				LD_RUNPATH_SEARCH_PATHS = "$(inherited) @executable_path/Frameworks";
				PRODUCT_BUNDLE_IDENTIFIER = codepath.com.Twitter;
				PRODUCT_NAME = "$(TARGET_NAME)";
				SWIFT_OBJC_BRIDGING_HEADER = "Twitter/Twitter-Bridging-Header.h";
				SWIFT_OPTIMIZATION_LEVEL = "-Onone";
			};
			name = Debug;
		};
		4CDBC8381BC0699A007443A8 /* Release */ = {
			isa = XCBuildConfiguration;
			baseConfigurationReference = 4B21819D6E1D3C481B995AB8 /* Pods.release.xcconfig */;
			buildSettings = {
				ASSETCATALOG_COMPILER_APPICON_NAME = AppIcon;
				CLANG_ENABLE_MODULES = YES;
				INFOPLIST_FILE = Twitter/Info.plist;
				LD_RUNPATH_SEARCH_PATHS = "$(inherited) @executable_path/Frameworks";
				PRODUCT_BUNDLE_IDENTIFIER = codepath.com.Twitter;
				PRODUCT_NAME = "$(TARGET_NAME)";
				SWIFT_OBJC_BRIDGING_HEADER = "Twitter/Twitter-Bridging-Header.h";
			};
			name = Release;
		};
/* End XCBuildConfiguration section */

/* Begin XCConfigurationList section */
		4CDBC81F1BC0699A007443A8 /* Build configuration list for PBXProject "Twitter" */ = {
			isa = XCConfigurationList;
			buildConfigurations = (
				4CDBC8341BC0699A007443A8 /* Debug */,
				4CDBC8351BC0699A007443A8 /* Release */,
			);
			defaultConfigurationIsVisible = 0;
			defaultConfigurationName = Release;
		};
		4CDBC8361BC0699A007443A8 /* Build configuration list for PBXNativeTarget "Twitter" */ = {
			isa = XCConfigurationList;
			buildConfigurations = (
				4CDBC8371BC0699A007443A8 /* Debug */,
				4CDBC8381BC0699A007443A8 /* Release */,
			);
			defaultConfigurationIsVisible = 0;
			defaultConfigurationName = Release;
		};
/* End XCConfigurationList section */
	};
	rootObject = 4CDBC81C1BC0699A007443A8 /* Project object */;
}
